
Microsoft Visual Studio Solution File, Format Version 12.00
# Visual Studio Version 17
VisualStudioVersion = 17.14.36811.4
MinimumVisualStudioVersion = 10.0.40219.1
Project("{8BC9CEB8-8B4A-11D0-8D11-00A0C91BC942}") = "testsqliteC", "testsqliteC\testsqliteC.vcxproj", "{EE876D32-6E98-4E86-8F6A-9E97FA79A001}"
EndProject
Project("{8BC9CEB8-8B4A-11D0-8D11-00A0C91BC942}") = "testsqliteCpp", "testsqliteCpp\testsqliteCpp.vcxproj", "{0E38616E-3508-4319-A62A-4DF40D4F95A7}"
EndProject
Project("{8BC9CEB8-8B4A-11D0-8D11-00A0C91BC942}") = "testspliteCpp_files", "testspliteCpp_files\testspliteCpp_files.vcxproj", "{A23D80D1-96FB-42D9-AC5D-68A91070BEA2}"
EndProject
Global
	GlobalSection(SolutionConfigurationPlatforms) = preSolution
		Debug|x64 = Debug|x64
		Debug|x86 = Debug|x86
		Release|x64 = Release|x64
		Release|x86 = Release|x86
	EndGlobalSection
	GlobalSection(ProjectConfigurationPlatforms) = postSolution
		{EE876D32-6E98-4E86-8F6A-9E97FA79A001}.Debug|x64.ActiveCfg = Debug|x64
		{EE876D32-6E98-4E86-8F6A-9E97FA79A001}.Debug|x64.Build.0 = Debug|x64
		{EE876D32-6E98-4E86-8F6A-9E97FA79A001}.Debug|x86.ActiveCfg = Debug|Win32
		{EE876D32-6E98-4E86-8F6A-9E97FA79A001}.Debug|x86.Build.0 = Debug|Win32
		{EE876D32-6E98-4E86-8F6A-9E97FA79A001}.Release|x64.ActiveCfg = Release|x64
		{EE876D32-6E98-4E86-8F6A-9E97FA79A001}.Release|x64.Build.0 = Release|x64
		{EE876D32-6E98-4E86-8F6A-9E97FA79A001}.Release|x86.ActiveCfg = Release|Win32
		{EE876D32-6E98-4E86-8F6A-9E97FA79A001}.Release|x86.Build.0 = Release|Win32
		{0E38616E-3508-4319-A62A-4DF40D4F95A7}.Debug|x64.ActiveCfg = Debug|x64
		{0E38616E-3508-4319-A62A-4DF40D4F95A7}.Debug|x64.Build.0 = Debug|x64
		{0E38616E-3508-4319-A62A-4DF40D4F95A7}.Debug|x86.ActiveCfg = Debug|Win32
		{0E38616E-3508-4319-A62A-4DF40D4F95A7}.Debug|x86.Build.0 = Debug|Win32
		{0E38616E-3508-4319-A62A-4DF40D4F95A7}.Release|x64.ActiveCfg = Release|x64
		{0E38616E-3508-4319-A62A-4DF40D4F95A7}.Release|x64.Build.0 = Release|x64
		{0E38616E-3508-4319-A62A-4DF40D4F95A7}.Release|x86.ActiveCfg = Release|Win32
		{0E38616E-3508-4319-A62A-4DF40D4F95A7}.Release|x86.Build.0 = Release|Win32
		{A23D80D1-96FB-42D9-AC5D-68A91070BEA2}.Debug|x64.ActiveCfg = Debug|x64
		{A23D80D1-96FB-42D9-AC5D-68A91070BEA2}.Debug|x64.Build.0 = Debug|x64
		{A23D80D1-96FB-42D9-AC5D-68A91070BEA2}.Debug|x86.ActiveCfg = Debug|Win32
		{A23D80D1-96FB-42D9-AC5D-68A91070BEA2}.Debug|x86.Build.0 = Debug|Win32
		{A23D80D1-96FB-42D9-AC5D-68A91070BEA2}.Release|x64.ActiveCfg = Release|x64
		{A23D80D1-96FB-42D9-AC5D-68A91070BEA2}.Release|x64.Build.0 = Release|x64
		{A23D80D1-96FB-42D9-AC5D-68A91070BEA2}.Release|x86.ActiveCfg = Release|Win32
		{A23D80D1-96FB-42D9-AC5D-68A91070BEA2}.Release|x86.Build.0 = Release|Win32
	EndGlobalSection
	GlobalSection(SolutionProperties) = preSolution
		HideSolutionNode = FALSE
	EndGlobalSection
	GlobalSection(ExtensibilityGlobals) = postSolution
		SolutionGuid = {83AF1633-3356-4090-AA2E-11F183016F59}
	EndGlobalSection
EndGlobal
